
Microsoft Visual Studio Solution File, Format Version 12.00
# Visual Studio Version 17
VisualStudioVersion = 17.3.32922.545
MinimumVisualStudioVersion = 10.0.40219.1
Project("{FAE04EC0-301F-11D3-BF4B-00C04F79EFBC}") = "Hex Viewer", "Hex Viewer.csproj", "{7D5A2B37-A75F-4BC8-8919-64A566E9EC49}"
EndProject
Global
	GlobalSection(SolutionConfigurationPlatforms) = preSolution
		Debug|Any CPU = Debug|Any CPU
		Release|Any CPU = Release|Any CPU
	EndGlobalSection
	GlobalSection(ProjectConfigurationPlatforms) = postSolution
		{7D5A2B37-A75F-4BC8-8919-64A566E9EC49}.Debug|Any CPU.ActiveCfg = Debug|Any CPU
		{7D5A2B37-A75F-4BC8-8919-64A566E9EC49}.Debug|Any CPU.Build.0 = Debug|Any CPU
		{7D5A2B37-A75F-4BC8-8919-64A566E9EC49}.Release|Any CPU.ActiveCfg = Release|Any CPU
		{7D5A2B37-A75F-4BC8-8919-64A566E9EC49}.Release|Any CPU.Build.0 = Release|Any CPU
	EndGlobalSection
	GlobalSection(SolutionProperties) = preSolution
		HideSolutionNode = FALSE
	EndGlobalSection
	GlobalSection(ExtensibilityGlobals) = postSolution
		SolutionGuid = {A7B55F16-6CE6-44EC-980F-B55C24E67176}
	EndGlobalSection
EndGlobal
